
Microsoft Visual Studio Solution File, Format Version 12.00
# Visual Studio Version 17
VisualStudioVersion = 17.3.32901.215
MinimumVisualStudioVersion = 10.0.40219.1
Project("{FAE04EC0-301F-11D3-BF4B-00C04F79EFBC}") = "uygulama16", "uygulama16\uygulama16.csproj", "{96E20630-8FD3-40E9-B5EA-BAF50AB95A71}"
EndProject
Global
	GlobalSection(SolutionConfigurationPlatforms) = preSolution
		Debug|Any CPU = Debug|Any CPU
		Release|Any CPU = Release|Any CPU
	EndGlobalSection
	GlobalSection(ProjectConfigurationPlatforms) = postSolution
		{96E20630-8FD3-40E9-B5EA-BAF50AB95A71}.Debug|Any CPU.ActiveCfg = Debug|Any CPU
		{96E20630-8FD3-40E9-B5EA-BAF50AB95A71}.Debug|Any CPU.Build.0 = Debug|Any CPU
		{96E20630-8FD3-40E9-B5EA-BAF50AB95A71}.Release|Any CPU.ActiveCfg = Release|Any CPU
		{96E20630-8FD3-40E9-B5EA-BAF50AB95A71}.Release|Any CPU.Build.0 = Release|Any CPU
	EndGlobalSection
	GlobalSection(SolutionProperties) = preSolution
		HideSolutionNode = FALSE
	EndGlobalSection
	GlobalSection(ExtensibilityGlobals) = postSolution
		SolutionGuid = {CDC38D2B-D595-48E1-8484-3C4C7D5AC90B}
	EndGlobalSection
EndGlobal
